{
  "name": "spear-demo",
  "version": "1.0.0",
  "lockfileVersion": 3,
  "requires": true,
  "packages": {
    "": {
      "name": "spear-demo",
      "version": "1.0.0",
      "license": "ISC",
      "dependencies": {
        "spear-kernels": "^1.10.3"
      }
    },
    "node_modules/spear-kernels": {
      "version": "1.10.3",
      "resolved": "https://registry.npmjs.org/spear-kernels/-/spear-kernels-1.10.3.tgz",
      "integrity": "sha512-C6hzJ1ShMpWQF5iUJbqYDTtdKH9266TV6F8g3Khzuy203ru5U8gbFkH+aVV73N2bzTcS8YR/QJiyObgRs+w6RQ==",
      "license": "MIT",
      "funding": {
        "url": "bitcoin:bc1q6zmudp0ju8rg29jycgzmc8ev2zarejaejnntnd"
      }
    }
  }
}
